
Microsoft Visual Studio Solution File, Format Version 12.00
# Visual Studio Version 16
VisualStudioVersion = 16.0.30517.126
MinimumVisualStudioVersion = 10.0.40219.1
Project("{8BC9CEB8-8B4A-11D0-8D11-00A0C91BC942}") = "mikhailyukov_lab_2", "mikhailyukov_lab_2\mikhailyukov_lab_2.vcxproj", "{DD2B1E93-0F5A-4F35-9D3A-4FA539AB8511}"
EndProject
Global
	GlobalSection(SolutionConfigurationPlatforms) = preSolution
		Debug|x64 = Debug|x64
		Debug|x86 = Debug|x86
		Release|x64 = Release|x64
		Release|x86 = Release|x86
	EndGlobalSection
	GlobalSection(ProjectConfigurationPlatforms) = postSolution
		{DD2B1E93-0F5A-4F35-9D3A-4FA539AB8511}.Debug|x64.ActiveCfg = Debug|x64
		{DD2B1E93-0F5A-4F35-9D3A-4FA539AB8511}.Debug|x64.Build.0 = Debug|x64
		{DD2B1E93-0F5A-4F35-9D3A-4FA539AB8511}.Debug|x86.ActiveCfg = Debug|Win32
		{DD2B1E93-0F5A-4F35-9D3A-4FA539AB8511}.Debug|x86.Build.0 = Debug|Win32
		{DD2B1E93-0F5A-4F35-9D3A-4FA539AB8511}.Release|x64.ActiveCfg = Release|x64
		{DD2B1E93-0F5A-4F35-9D3A-4FA539AB8511}.Release|x64.Build.0 = Release|x64
		{DD2B1E93-0F5A-4F35-9D3A-4FA539AB8511}.Release|x86.ActiveCfg = Release|Win32
		{DD2B1E93-0F5A-4F35-9D3A-4FA539AB8511}.Release|x86.Build.0 = Release|Win32
	EndGlobalSection
	GlobalSection(SolutionProperties) = preSolution
		HideSolutionNode = FALSE
	EndGlobalSection
	GlobalSection(ExtensibilityGlobals) = postSolution
		SolutionGuid = {E1C70E8B-87A2-4AC3-B212-2A9A567DD822}
	EndGlobalSection
EndGlobal
